// !$*UTF8*$!
{
	archiveVersion = 1;
	classes = {
	};
	objectVersion = 46;
	objects = {

/* Begin PBXBuildFile section */
		1A043D9D1E1AE0A000019A33 /* main.m in Sources */ = {isa = PBXBuildFile; fileRef = 1A043D9C1E1AE0A000019A33 /* main.m */; };
		1A043DA01E1AE0A000019A33 /* AppDelegate.m in Sources */ = {isa = PBXBuildFile; fileRef = 1A043D9F1E1AE0A000019A33 /* AppDelegate.m */; };
		1A043DA61E1AE0A000019A33 /* Main.storyboard in Resources */ = {isa = PBXBuildFile; fileRef = 1A043DA41E1AE0A000019A33 /* Main.storyboard */; };
		1A043DA81E1AE0A000019A33 /* Assets.xcassets in Resources */ = {isa = PBXBuildFile; fileRef = 1A043DA71E1AE0A000019A33 /* Assets.xcassets */; };
		1A043DAB1E1AE0A000019A33 /* LaunchScreen.storyboard in Resources */ = {isa = PBXBuildFile; fileRef = 1A043DA91E1AE0A000019A33 /* LaunchScreen.storyboard */; };
		1A043DB61E1AE0A000019A33 /* lambdaAuthTests.m in Sources */ = {isa = PBXBuildFile; fileRef = 1A043DB51E1AE0A000019A33 /* lambdaAuthTests.m */; };
		1A043DC11E1AE0A000019A33 /* lambdaAuthUITests.m in Sources */ = {isa = PBXBuildFile; fileRef = 1A043DC01E1AE0A000019A33 /* lambdaAuthUITests.m */; };
		1A062B471E42A334000AE3ED /* KeyboardHeightAutosizingView.m in Sources */ = {isa = PBXBuildFile; fileRef = 1A062B461E42A334000AE3ED /* KeyboardHeightAutosizingView.m */; };
		1A062B4A1E42A3CC000AE3ED /* NavigationController.m in Sources */ = {isa = PBXBuildFile; fileRef = 1A062B491E42A3CC000AE3ED /* NavigationController.m */; };
		1A2937DB1E1B079E00AD957E /* LoginViewController.m in Sources */ = {isa = PBXBuildFile; fileRef = 1A2937DA1E1B079E00AD957E /* LoginViewController.m */; };
		1A2937DE1E1B07BA00AD957E /* SignupViewController.m in Sources */ = {isa = PBXBuildFile; fileRef = 1A2937DD1E1B07BA00AD957E /* SignupViewController.m */; };
		1A2937E11E1B07DA00AD957E /* LogoutViewController.m in Sources */ = {isa = PBXBuildFile; fileRef = 1A2937E01E1B07DA00AD957E /* LogoutViewController.m */; };
		1A2937E41E1B07F900AD957E /* FrontPageViewController.m in Sources */ = {isa = PBXBuildFile; fileRef = 1A2937E31E1B07F900AD957E /* FrontPageViewController.m */; };
		1A2937E81E1B2A5300AD957E /* NavigationReplaceSegue.m in Sources */ = {isa = PBXBuildFile; fileRef = 1A2937E71E1B2A5300AD957E /* NavigationReplaceSegue.m */; };
		1A2937F01E1C722800AD957E /* KeyboardStateManager.m in Sources */ = {isa = PBXBuildFile; fileRef = 1A2937EF1E1C722800AD957E /* KeyboardStateManager.m */; };
		1A2937F41E1C79A400AD957E /* DeveloperAuthenticatedIdentityProvider.m in Sources */ = {isa = PBXBuildFile; fileRef = 1A2937F31E1C79A400AD957E /* DeveloperAuthenticatedIdentityProvider.m */; };
		1A2937F71E1CBB0A00AD957E /* AWSAPIClientsManager.m in Sources */ = {isa = PBXBuildFile; fileRef = 1A2937F61E1CBB0A00AD957E /* AWSAPIClientsManager.m */; };
		1A8A77061E441528006340C7 /* MYPREFIXAuthClient.m in Sources */ = {isa = PBXBuildFile; fileRef = 1A8A76F71E441527006340C7 /* MYPREFIXAuthClient.m */; };
		1A8A77071E441528006340C7 /* MYPREFIXCredentials.m in Sources */ = {isa = PBXBuildFile; fileRef = 1A8A76F91E441527006340C7 /* MYPREFIXCredentials.m */; };
		1A8A77081E441528006340C7 /* MYPREFIXError.m in Sources */ = {isa = PBXBuildFile; fileRef = 1A8A76FB1E441527006340C7 /* MYPREFIXError.m */; };
		1A8A77091E441528006340C7 /* MYPREFIXLoginRequest.m in Sources */ = {isa = PBXBuildFile; fileRef = 1A8A76FD1E441527006340C7 /* MYPREFIXLoginRequest.m */; };
		1A8A770A1E441528006340C7 /* MYPREFIXSignupRequest.m in Sources */ = {isa = PBXBuildFile; fileRef = 1A8A76FF1E441527006340C7 /* MYPREFIXSignupRequest.m */; };
		1A8A770B1E441528006340C7 /* MYPREFIXTokenRequest.m in Sources */ = {isa = PBXBuildFile; fileRef = 1A8A77011E441527006340C7 /* MYPREFIXTokenRequest.m */; };
		1A8A770C1E441528006340C7 /* MYPREFIXUser.m in Sources */ = {isa = PBXBuildFile; fileRef = 1A8A77031E441527006340C7 /* MYPREFIXUser.m */; };
		1A8A770D1E441528006340C7 /* MYPREFIXUserPhotoUploadurlResponse.m in Sources */ = {isa = PBXBuildFile; fileRef = 1A8A77051E441527006340C7 /* MYPREFIXUserPhotoUploadurlResponse.m */; };
		1A8A770F1E44223E006340C7 /* MobileCoreServices.framework in Frameworks */ = {isa = PBXBuildFile; fileRef = 1A8A770E1E44223E006340C7 /* MobileCoreServices.framework */; };
		1A8A77121E4426D5006340C7 /* UploadManager.m in Sources */ = {isa = PBXBuildFile; fileRef = 1A8A77111E4426D5006340C7 /* UploadManager.m */; };
		1A90E1B31E53B9F500549547 /* AuthedViewController.m in Sources */ = {isa = PBXBuildFile; fileRef = 1A90E1B21E53B9F500549547 /* AuthedViewController.m */; };
		1AC9B4631E1F345100962F77 /* UIView+ProjectFormBehaviors.m in Sources */ = {isa = PBXBuildFile; fileRef = 1AC9B4621E1F345100962F77 /* UIView+ProjectFormBehaviors.m */; };
		1AC9B4661E1F625700962F77 /* FormViewController.m in Sources */ = {isa = PBXBuildFile; fileRef = 1AC9B4651E1F625700962F77 /* FormViewController.m */; };
		1AE9FA971E24DA1E004C1377 /* RootViewController.m in Sources */ = {isa = PBXBuildFile; fileRef = 1AE9FA961E24DA1E004C1377 /* RootViewController.m */; };
		F53BD0AA0E4382C704D69D6C /* Pods_lambdaAuth.framework in Frameworks */ = {isa = PBXBuildFile; fileRef = 41933C120C06CCE612EB3E78 /* Pods_lambdaAuth.framework */; };
/* End PBXBuildFile section */

/* Begin PBXContainerItemProxy section */
		1A043DB21E1AE0A000019A33 /* PBXContainerItemProxy */ = {
			isa = PBXContainerItemProxy;
			containerPortal = 1A043D901E1AE09F00019A33 /* Project object */;
			proxyType = 1;
			remoteGlobalIDString = 1A043D971E1AE09F00019A33;
			remoteInfo = lambdaAuth;
		};
		1A043DBD1E1AE0A000019A33 /* PBXContainerItemProxy */ = {
			isa = PBXContainerItemProxy;
			containerPortal = 1A043D901E1AE09F00019A33 /* Project object */;
			proxyType = 1;
			remoteGlobalIDString = 1A043D971E1AE09F00019A33;
			remoteInfo = lambdaAuth;
		};
/* End PBXContainerItemProxy section */

/* Begin PBXCopyFilesBuildPhase section */
		1A94A2CC1E25010E0012528D /* CopyFiles */ = {
			isa = PBXCopyFilesBuildPhase;
			buildActionMask = 12;
			dstPath = "";
			dstSubfolderSpec = 12;
			files = (
			);
			runOnlyForDeploymentPostprocessing = 0;
		};
/* End PBXCopyFilesBuildPhase section */

/* Begin PBXFileReference section */
		1A043D981E1AE0A000019A33 /* lambdaAuth.app */ = {isa = PBXFileReference; explicitFileType = wrapper.application; includeInIndex = 0; path = lambdaAuth.app; sourceTree = BUILT_PRODUCTS_DIR; };
		1A043D9C1E1AE0A000019A33 /* main.m */ = {isa = PBXFileReference; lastKnownFileType = sourcecode.c.objc; path = main.m; sourceTree = "<group>"; };
		1A043D9E1E1AE0A000019A33 /* AppDelegate.h */ = {isa = PBXFileReference; lastKnownFileType = sourcecode.c.h; path = AppDelegate.h; sourceTree = "<group>"; };
		1A043D9F1E1AE0A000019A33 /* AppDelegate.m */ = {isa = PBXFileReference; lastKnownFileType = sourcecode.c.objc; path = AppDelegate.m; sourceTree = "<group>"; };
		1A043DA51E1AE0A000019A33 /* Base */ = {isa = PBXFileReference; lastKnownFileType = file.storyboard; name = Base; path = Base.lproj/Main.storyboard; sourceTree = "<group>"; };
		1A043DA71E1AE0A000019A33 /* Assets.xcassets */ = {isa = PBXFileReference; lastKnownFileType = folder.assetcatalog; path = Assets.xcassets; sourceTree = "<group>"; };
		1A043DAA1E1AE0A000019A33 /* Base */ = {isa = PBXFileReference; lastKnownFileType = file.storyboard; name = Base; path = Base.lproj/LaunchScreen.storyboard; sourceTree = "<group>"; };
		1A043DAC1E1AE0A000019A33 /* Info.plist */ = {isa = PBXFileReference; lastKnownFileType = text.plist.xml; path = Info.plist; sourceTree = "<group>"; };
		1A043DB11E1AE0A000019A33 /* lambdaAuthTests.xctest */ = {isa = PBXFileReference; explicitFileType = wrapper.cfbundle; includeInIndex = 0; path = lambdaAuthTests.xctest; sourceTree = BUILT_PRODUCTS_DIR; };
		1A043DB51E1AE0A000019A33 /* lambdaAuthTests.m */ = {isa = PBXFileReference; lastKnownFileType = sourcecode.c.objc; path = lambdaAuthTests.m; sourceTree = "<group>"; };
		1A043DB71E1AE0A000019A33 /* Info.plist */ = {isa = PBXFileReference; lastKnownFileType = text.plist.xml; path = Info.plist; sourceTree = "<group>"; };
		1A043DBC1E1AE0A000019A33 /* lambdaAuthUITests.xctest */ = {isa = PBXFileReference; explicitFileType = wrapper.cfbundle; includeInIndex = 0; path = lambdaAuthUITests.xctest; sourceTree = BUILT_PRODUCTS_DIR; };
		1A043DC01E1AE0A000019A33 /* lambdaAuthUITests.m */ = {isa = PBXFileReference; lastKnownFileType = sourcecode.c.objc; path = lambdaAuthUITests.m; sourceTree = "<group>"; };
		1A043DC21E1AE0A000019A33 /* Info.plist */ = {isa = PBXFileReference; lastKnownFileType = text.plist.xml; path = Info.plist; sourceTree = "<group>"; };
		1A062B451E42A334000AE3ED /* KeyboardHeightAutosizingView.h */ = {isa = PBXFileReference; fileEncoding = 4; lastKnownFileType = sourcecode.c.h; name = KeyboardHeightAutosizingView.h; path = Views/KeyboardHeightAutosizingView.h; sourceTree = "<group>"; };
		1A062B461E42A334000AE3ED /* KeyboardHeightAutosizingView.m */ = {isa = PBXFileReference; fileEncoding = 4; lastKnownFileType = sourcecode.c.objc; name = KeyboardHeightAutosizingView.m; path = Views/KeyboardHeightAutosizingView.m; sourceTree = "<group>"; };
		1A062B481E42A3CC000AE3ED /* NavigationController.h */ = {isa = PBXFileReference; fileEncoding = 4; lastKnownFileType = sourcecode.c.h; name = NavigationController.h; path = ViewControllers/NavigationController.h; sourceTree = "<group>"; };
		1A062B491E42A3CC000AE3ED /* NavigationController.m */ = {isa = PBXFileReference; fileEncoding = 4; lastKnownFileType = sourcecode.c.objc; name = NavigationController.m; path = ViewControllers/NavigationController.m; sourceTree = "<group>"; };
		1A2937D91E1B079E00AD957E /* LoginViewController.h */ = {isa = PBXFileReference; fileEncoding = 4; lastKnownFileType = sourcecode.c.h; name = LoginViewController.h; path = ViewControllers/LoginViewController.h; sourceTree = "<group>"; };
		1A2937DA1E1B079E00AD957E /* LoginViewController.m */ = {isa = PBXFileReference; fileEncoding = 4; lastKnownFileType = sourcecode.c.objc; name = LoginViewController.m; path = ViewControllers/LoginViewController.m; sourceTree = "<group>"; };
		1A2937DC1E1B07BA00AD957E /* SignupViewController.h */ = {isa = PBXFileReference; fileEncoding = 4; lastKnownFileType = sourcecode.c.h; name = SignupViewController.h; path = ViewControllers/SignupViewController.h; sourceTree = "<group>"; };
		1A2937DD1E1B07BA00AD957E /* SignupViewController.m */ = {isa = PBXFileReference; fileEncoding = 4; lastKnownFileType = sourcecode.c.objc; name = SignupViewController.m; path = ViewControllers/SignupViewController.m; sourceTree = "<group>"; };
		1A2937DF1E1B07DA00AD957E /* LogoutViewController.h */ = {isa = PBXFileReference; fileEncoding = 4; lastKnownFileType = sourcecode.c.h; name = LogoutViewController.h; path = ViewControllers/LogoutViewController.h; sourceTree = "<group>"; };
		1A2937E01E1B07DA00AD957E /* LogoutViewController.m */ = {isa = PBXFileReference; fileEncoding = 4; lastKnownFileType = sourcecode.c.objc; name = LogoutViewController.m; path = ViewControllers/LogoutViewController.m; sourceTree = "<group>"; };
		1A2937E21E1B07F900AD957E /* FrontPageViewController.h */ = {isa = PBXFileReference; fileEncoding = 4; lastKnownFileType = sourcecode.c.h; name = FrontPageViewController.h; path = ViewControllers/FrontPageViewController.h; sourceTree = "<group>"; };
		1A2937E31E1B07F900AD957E /* FrontPageViewController.m */ = {isa = PBXFileReference; fileEncoding = 4; lastKnownFileType = sourcecode.c.objc; name = FrontPageViewController.m; path = ViewControllers/FrontPageViewController.m; sourceTree = "<group>"; };
		1A2937E61E1B2A5300AD957E /* NavigationReplaceSegue.h */ = {isa = PBXFileReference; fileEncoding = 4; lastKnownFileType = sourcecode.c.h; name = NavigationReplaceSegue.h; path = Segues/NavigationReplaceSegue.h; sourceTree = "<group>"; };
		1A2937E71E1B2A5300AD957E /* NavigationReplaceSegue.m */ = {isa = PBXFileReference; fileEncoding = 4; lastKnownFileType = sourcecode.c.objc; name = NavigationReplaceSegue.m; path = Segues/NavigationReplaceSegue.m; sourceTree = "<group>"; };
		1A2937EE1E1C722800AD957E /* KeyboardStateManager.h */ = {isa = PBXFileReference; fileEncoding = 4; lastKnownFileType = sourcecode.c.h; name = KeyboardStateManager.h; path = Managers/KeyboardStateManager.h; sourceTree = "<group>"; };
		1A2937EF1E1C722800AD957E /* KeyboardStateManager.m */ = {isa = PBXFileReference; fileEncoding = 4; lastKnownFileType = sourcecode.c.objc; name = KeyboardStateManager.m; path = Managers/KeyboardStateManager.m; sourceTree = "<group>"; };
		1A2937F21E1C79A400AD957E /* DeveloperAuthenticatedIdentityProvider.h */ = {isa = PBXFileReference; fileEncoding = 4; lastKnownFileType = sourcecode.c.h; name = DeveloperAuthenticatedIdentityProvider.h; path = DeveloperIdentityProvider/DeveloperAuthenticatedIdentityProvider.h; sourceTree = "<group>"; };
		1A2937F31E1C79A400AD957E /* DeveloperAuthenticatedIdentityProvider.m */ = {isa = PBXFileReference; fileEncoding = 4; lastKnownFileType = sourcecode.c.objc; name = DeveloperAuthenticatedIdentityProvider.m; path = DeveloperIdentityProvider/DeveloperAuthenticatedIdentityProvider.m; sourceTree = "<group>"; };
		1A2937F51E1CBB0A00AD957E /* AWSAPIClientsManager.h */ = {isa = PBXFileReference; fileEncoding = 4; lastKnownFileType = sourcecode.c.h; name = AWSAPIClientsManager.h; path = DeveloperIdentityProvider/AWSAPIClientsManager.h; sourceTree = "<group>"; };
		1A2937F61E1CBB0A00AD957E /* AWSAPIClientsManager.m */ = {isa = PBXFileReference; fileEncoding = 4; lastKnownFileType = sourcecode.c.objc; name = AWSAPIClientsManager.m; path = DeveloperIdentityProvider/AWSAPIClientsManager.m; sourceTree = "<group>"; };
		1A8A76F61E441527006340C7 /* MYPREFIXAuthClient.h */ = {isa = PBXFileReference; fileEncoding = 4; lastKnownFileType = sourcecode.c.h; name = MYPREFIXAuthClient.h; path = "Vendor/aws-apigateway-ios/generated-src/MYPREFIXAuthClient.h"; sourceTree = "<group>"; };
		1A8A76F71E441527006340C7 /* MYPREFIXAuthClient.m */ = {isa = PBXFileReference; fileEncoding = 4; lastKnownFileType = sourcecode.c.objc; name = MYPREFIXAuthClient.m; path = "Vendor/aws-apigateway-ios/generated-src/MYPREFIXAuthClient.m"; sourceTree = "<group>"; };
		1A8A76F81E441527006340C7 /* MYPREFIXCredentials.h */ = {isa = PBXFileReference; fileEncoding = 4; lastKnownFileType = sourcecode.c.h; name = MYPREFIXCredentials.h; path = "Vendor/aws-apigateway-ios/generated-src/MYPREFIXCredentials.h"; sourceTree = "<group>"; };
		1A8A76F91E441527006340C7 /* MYPREFIXCredentials.m */ = {isa = PBXFileReference; fileEncoding = 4; lastKnownFileType = sourcecode.c.objc; name = MYPREFIXCredentials.m; path = "Vendor/aws-apigateway-ios/generated-src/MYPREFIXCredentials.m"; sourceTree = "<group>"; };
		1A8A76FA1E441527006340C7 /* MYPREFIXError.h */ = {isa = PBXFileReference; fileEncoding = 4; lastKnownFileType = sourcecode.c.h; name = MYPREFIXError.h; path = "Vendor/aws-apigateway-ios/generated-src/MYPREFIXError.h"; sourceTree = "<group>"; };
		1A8A76FB1E441527006340C7 /* MYPREFIXError.m */ = {isa = PBXFileReference; fileEncoding = 4; lastKnownFileType = sourcecode.c.objc; name = MYPREFIXError.m; path = "Vendor/aws-apigateway-ios/generated-src/MYPREFIXError.m"; sourceTree = "<group>"; };
		1A8A76FC1E441527006340C7 /* MYPREFIXLoginRequest.h */ = {isa = PBXFileReference; fileEncoding = 4; lastKnownFileType = sourcecode.c.h; name = MYPREFIXLoginRequest.h; path = "Vendor/aws-apigateway-ios/generated-src/MYPREFIXLoginRequest.h"; sourceTree = "<group>"; };
		1A8A76FD1E441527006340C7 /* MYPREFIXLoginRequest.m */ = {isa = PBXFileReference; fileEncoding = 4; lastKnownFileType = sourcecode.c.objc; name = MYPREFIXLoginRequest.m; path = "Vendor/aws-apigateway-ios/generated-src/MYPREFIXLoginRequest.m"; sourceTree = "<group>"; };
		1A8A76FE1E441527006340C7 /* MYPREFIXSignupRequest.h */ = {isa = PBXFileReference; fileEncoding = 4; lastKnownFileType = sourcecode.c.h; name = MYPREFIXSignupRequest.h; path = "Vendor/aws-apigateway-ios/generated-src/MYPREFIXSignupRequest.h"; sourceTree = "<group>"; };
		1A8A76FF1E441527006340C7 /* MYPREFIXSignupRequest.m */ = {isa = PBXFileReference; fileEncoding = 4; lastKnownFileType = sourcecode.c.objc; name = MYPREFIXSignupRequest.m; path = "Vendor/aws-apigateway-ios/generated-src/MYPREFIXSignupRequest.m"; sourceTree = "<group>"; };
		1A8A77001E441527006340C7 /* MYPREFIXTokenRequest.h */ = {isa = PBXFileReference; fileEncoding = 4; lastKnownFileType = sourcecode.c.h; name = MYPREFIXTokenRequest.h; path = "Vendor/aws-apigateway-ios/generated-src/MYPREFIXTokenRequest.h"; sourceTree = "<group>"; };
		1A8A77011E441527006340C7 /* MYPREFIXTokenRequest.m */ = {isa = PBXFileReference; fileEncoding = 4; lastKnownFileType = sourcecode.c.objc; name = MYPREFIXTokenRequest.m; path = "Vendor/aws-apigateway-ios/generated-src/MYPREFIXTokenRequest.m"; sourceTree = "<group>"; };
		1A8A77021E441527006340C7 /* MYPREFIXUser.h */ = {isa = PBXFileReference; fileEncoding = 4; lastKnownFileType = sourcecode.c.h; name = MYPREFIXUser.h; path = "Vendor/aws-apigateway-ios/generated-src/MYPREFIXUser.h"; sourceTree = "<group>"; };
		1A8A77031E441527006340C7 /* MYPREFIXUser.m */ = {isa = PBXFileReference; fileEncoding = 4; lastKnownFileType = sourcecode.c.objc; name = MYPREFIXUser.m; path = "Vendor/aws-apigateway-ios/generated-src/MYPREFIXUser.m"; sourceTree = "<group>"; };
		1A8A77041E441527006340C7 /* MYPREFIXUserPhotoUploadurlResponse.h */ = {isa = PBXFileReference; fileEncoding = 4; lastKnownFileType = sourcecode.c.h; name = MYPREFIXUserPhotoUploadurlResponse.h; path = "Vendor/aws-apigateway-ios/generated-src/MYPREFIXUserPhotoUploadurlResponse.h"; sourceTree = "<group>"; };
		1A8A77051E441527006340C7 /* MYPREFIXUserPhotoUploadurlResponse.m */ = {isa = PBXFileReference; fileEncoding = 4; lastKnownFileType = sourcecode.c.objc; name = MYPREFIXUserPhotoUploadurlResponse.m; path = "Vendor/aws-apigateway-ios/generated-src/MYPREFIXUserPhotoUploadurlResponse.m"; sourceTree = "<group>"; };
		1A8A770E1E44223E006340C7 /* MobileCoreServices.framework */ = {isa = PBXFileReference; lastKnownFileType = wrapper.framework; name = MobileCoreServices.framework; path = System/Library/Frameworks/MobileCoreServices.framework; sourceTree = SDKROOT; };
		1A8A77101E4426D5006340C7 /* UploadManager.h */ = {isa = PBXFileReference; fileEncoding = 4; lastKnownFileType = sourcecode.c.h; name = UploadManager.h; path = Managers/UploadManager.h; sourceTree = "<group>"; };
		1A8A77111E4426D5006340C7 /* UploadManager.m */ = {isa = PBXFileReference; fileEncoding = 4; lastKnownFileType = sourcecode.c.objc; name = UploadManager.m; path = Managers/UploadManager.m; sourceTree = "<group>"; };
		1A90E1B11E53B9F500549547 /* AuthedViewController.h */ = {isa = PBXFileReference; fileEncoding = 4; lastKnownFileType = sourcecode.c.h; name = AuthedViewController.h; path = ViewControllers/AuthedViewController.h; sourceTree = "<group>"; };
		1A90E1B21E53B9F500549547 /* AuthedViewController.m */ = {isa = PBXFileReference; fileEncoding = 4; lastKnownFileType = sourcecode.c.objc; name = AuthedViewController.m; path = ViewControllers/AuthedViewController.m; sourceTree = "<group>"; };
		1AC9B4611E1F345100962F77 /* UIView+ProjectFormBehaviors.h */ = {isa = PBXFileReference; fileEncoding = 4; lastKnownFileType = sourcecode.c.h; name = "UIView+ProjectFormBehaviors.h"; path = "Categories/UIView+ProjectFormBehaviors.h"; sourceTree = "<group>"; };
		1AC9B4621E1F345100962F77 /* UIView+ProjectFormBehaviors.m */ = {isa = PBXFileReference; fileEncoding = 4; lastKnownFileType = sourcecode.c.objc; name = "UIView+ProjectFormBehaviors.m"; path = "Categories/UIView+ProjectFormBehaviors.m"; sourceTree = "<group>"; };
		1AC9B4641E1F625700962F77 /* FormViewController.h */ = {isa = PBXFileReference; fileEncoding = 4; lastKnownFileType = sourcecode.c.h; name = FormViewController.h; path = ViewControllers/FormViewController.h; sourceTree = "<group>"; };
		1AC9B4651E1F625700962F77 /* FormViewController.m */ = {isa = PBXFileReference; fileEncoding = 4; lastKnownFileType = sourcecode.c.objc; name = FormViewController.m; path = ViewControllers/FormViewController.m; sourceTree = "<group>"; };
		1AE9FA951E24DA1E004C1377 /* RootViewController.h */ = {isa = PBXFileReference; fileEncoding = 4; lastKnownFileType = sourcecode.c.h; name = RootViewController.h; path = ViewControllers/RootViewController.h; sourceTree = "<group>"; };
		1AE9FA961E24DA1E004C1377 /* RootViewController.m */ = {isa = PBXFileReference; fileEncoding = 4; lastKnownFileType = sourcecode.c.objc; name = RootViewController.m; path = ViewControllers/RootViewController.m; sourceTree = "<group>"; };
		1AE9FA981E24E612004C1377 /* lambdaAuth.entitlements */ = {isa = PBXFileReference; lastKnownFileType = text.plist.entitlements; path = lambdaAuth.entitlements; sourceTree = "<group>"; };
		41933C120C06CCE612EB3E78 /* Pods_lambdaAuth.framework */ = {isa = PBXFileReference; explicitFileType = wrapper.framework; includeInIndex = 0; path = Pods_lambdaAuth.framework; sourceTree = BUILT_PRODUCTS_DIR; };
		66CCCC6BBF9417ECC7CB8CE2 /* Pods-lambdaAuth.release.xcconfig */ = {isa = PBXFileReference; includeInIndex = 1; lastKnownFileType = text.xcconfig; name = "Pods-lambdaAuth.release.xcconfig"; path = "Pods/Target Support Files/Pods-lambdaAuth/Pods-lambdaAuth.release.xcconfig"; sourceTree = "<group>"; };
		AFF7EF6CD6D7201AEE160EDD /* Pods-lambdaAuth.debug.xcconfig */ = {isa = PBXFileReference; includeInIndex = 1; lastKnownFileType = text.xcconfig; name = "Pods-lambdaAuth.debug.xcconfig"; path = "Pods/Target Support Files/Pods-lambdaAuth/Pods-lambdaAuth.debug.xcconfig"; sourceTree = "<group>"; };
/* End PBXFileReference section */

/* Begin PBXFrameworksBuildPhase section */
		1A043D951E1AE09F00019A33 /* Frameworks */ = {
			isa = PBXFrameworksBuildPhase;
			buildActionMask = 2147483647;
			files = (
				1A8A770F1E44223E006340C7 /* MobileCoreServices.framework in Frameworks */,
				F53BD0AA0E4382C704D69D6C /* Pods_lambdaAuth.framework in Frameworks */,
			);
			runOnlyForDeploymentPostprocessing = 0;
		};
		1A043DAE1E1AE0A000019A33 /* Frameworks */ = {
			isa = PBXFrameworksBuildPhase;
			buildActionMask = 2147483647;
			files = (
			);
			runOnlyForDeploymentPostprocessing = 0;
		};
		1A043DB91E1AE0A000019A33 /* Frameworks */ = {
			isa = PBXFrameworksBuildPhase;
			buildActionMask = 2147483647;
			files = (
			);
			runOnlyForDeploymentPostprocessing = 0;
		};
/* End PBXFrameworksBuildPhase section */

/* Begin PBXGroup section */
		10D164369A9DFBAD408322F8 /* Frameworks */ = {
			isa = PBXGroup;
			children = (
				1A8A770E1E44223E006340C7 /* MobileCoreServices.framework */,
				41933C120C06CCE612EB3E78 /* Pods_lambdaAuth.framework */,
			);
			name = Frameworks;
			sourceTree = "<group>";
		};
		1A043D8F1E1AE09F00019A33 = {
			isa = PBXGroup;
			children = (
				1A4170A51E1AE7FD00D53EF2 /* AWSAPI */,
				1A043D9A1E1AE0A000019A33 /* lambdaAuth */,
				1A043DB41E1AE0A000019A33 /* lambdaAuthTests */,
				1A043DBF1E1AE0A000019A33 /* lambdaAuthUITests */,
				1A043D991E1AE0A000019A33 /* Products */,
				E0155B4B253C4CD7863B55C8 /* Pods */,
				10D164369A9DFBAD408322F8 /* Frameworks */,
			);
			sourceTree = "<group>";
		};
		1A043D991E1AE0A000019A33 /* Products */ = {
			isa = PBXGroup;
			children = (
				1A043D981E1AE0A000019A33 /* lambdaAuth.app */,
				1A043DB11E1AE0A000019A33 /* lambdaAuthTests.xctest */,
				1A043DBC1E1AE0A000019A33 /* lambdaAuthUITests.xctest */,
			);
			name = Products;
			sourceTree = "<group>";
		};
		1A043D9A1E1AE0A000019A33 /* lambdaAuth */ = {
			isa = PBXGroup;
			children = (
				1AE9FA981E24E612004C1377 /* lambdaAuth.entitlements */,
				1AC9B4601E1F33E300962F77 /* Categories */,
				1A2937ED1E1C71FB00AD957E /* Managers */,
				1A2937E91E1C504300AD957E /* Views */,
				1A2937E51E1B2A1800AD957E /* Segues */,
				1A2937D81E1B073D00AD957E /* ViewControllers */,
				1A043D9E1E1AE0A000019A33 /* AppDelegate.h */,
				1A043D9F1E1AE0A000019A33 /* AppDelegate.m */,
				1A043DA41E1AE0A000019A33 /* Main.storyboard */,
				1A043DA71E1AE0A000019A33 /* Assets.xcassets */,
				1A043DA91E1AE0A000019A33 /* LaunchScreen.storyboard */,
				1A043DAC1E1AE0A000019A33 /* Info.plist */,
				1A043D9B1E1AE0A000019A33 /* Supporting Files */,
			);
			path = lambdaAuth;
			sourceTree = "<group>";
		};
		1A043D9B1E1AE0A000019A33 /* Supporting Files */ = {
			isa = PBXGroup;
			children = (
				1A043D9C1E1AE0A000019A33 /* main.m */,
			);
			name = "Supporting Files";
			sourceTree = "<group>";
		};
		1A043DB41E1AE0A000019A33 /* lambdaAuthTests */ = {
			isa = PBXGroup;
			children = (
				1A043DB51E1AE0A000019A33 /* lambdaAuthTests.m */,
				1A043DB71E1AE0A000019A33 /* Info.plist */,
			);
			path = lambdaAuthTests;
			sourceTree = "<group>";
		};
		1A043DBF1E1AE0A000019A33 /* lambdaAuthUITests */ = {
			isa = PBXGroup;
			children = (
				1A043DC01E1AE0A000019A33 /* lambdaAuthUITests.m */,
				1A043DC21E1AE0A000019A33 /* Info.plist */,
			);
			path = lambdaAuthUITests;
			sourceTree = "<group>";
		};
		1A2937D81E1B073D00AD957E /* ViewControllers */ = {
			isa = PBXGroup;
			children = (
				1A062B481E42A3CC000AE3ED /* NavigationController.h */,
				1A062B491E42A3CC000AE3ED /* NavigationController.m */,
				1A2937D91E1B079E00AD957E /* LoginViewController.h */,
				1A2937DA1E1B079E00AD957E /* LoginViewController.m */,
				1A2937DC1E1B07BA00AD957E /* SignupViewController.h */,
				1A2937DD1E1B07BA00AD957E /* SignupViewController.m */,
				1A2937DF1E1B07DA00AD957E /* LogoutViewController.h */,
				1A2937E01E1B07DA00AD957E /* LogoutViewController.m */,
				1A2937E21E1B07F900AD957E /* FrontPageViewController.h */,
				1A2937E31E1B07F900AD957E /* FrontPageViewController.m */,
				1AC9B4641E1F625700962F77 /* FormViewController.h */,
				1AC9B4651E1F625700962F77 /* FormViewController.m */,
				1AE9FA951E24DA1E004C1377 /* RootViewController.h */,
				1AE9FA961E24DA1E004C1377 /* RootViewController.m */,
				1A90E1B11E53B9F500549547 /* AuthedViewController.h */,
				1A90E1B21E53B9F500549547 /* AuthedViewController.m */,
			);
			name = ViewControllers;
			sourceTree = "<group>";
		};
		1A2937E51E1B2A1800AD957E /* Segues */ = {
			isa = PBXGroup;
			children = (
				1A2937E61E1B2A5300AD957E /* NavigationReplaceSegue.h */,
				1A2937E71E1B2A5300AD957E /* NavigationReplaceSegue.m */,
			);
			name = Segues;
			sourceTree = "<group>";
		};
		1A2937E91E1C504300AD957E /* Views */ = {
			isa = PBXGroup;
			children = (
				1A062B451E42A334000AE3ED /* KeyboardHeightAutosizingView.h */,
				1A062B461E42A334000AE3ED /* KeyboardHeightAutosizingView.m */,
			);
			name = Views;
			sourceTree = "<group>";
		};
		1A2937ED1E1C71FB00AD957E /* Managers */ = {
			isa = PBXGroup;
			children = (
				1A2937EE1E1C722800AD957E /* KeyboardStateManager.h */,
				1A2937EF1E1C722800AD957E /* KeyboardStateManager.m */,
				1A8A77101E4426D5006340C7 /* UploadManager.h */,
				1A8A77111E4426D5006340C7 /* UploadManager.m */,
			);
			name = Managers;
			sourceTree = "<group>";
		};
		1A2937F11E1C795B00AD957E /* AWSSessionManagement */ = {
			isa = PBXGroup;
			children = (
				1A2937F21E1C79A400AD957E /* DeveloperAuthenticatedIdentityProvider.h */,
				1A2937F31E1C79A400AD957E /* DeveloperAuthenticatedIdentityProvider.m */,
				1A2937F51E1CBB0A00AD957E /* AWSAPIClientsManager.h */,
				1A2937F61E1CBB0A00AD957E /* AWSAPIClientsManager.m */,
			);
			name = AWSSessionManagement;
			sourceTree = "<group>";
		};
		1A4170A51E1AE7FD00D53EF2 /* AWSAPI */ = {
			isa = PBXGroup;
			children = (
				1A94A2D21E2597980012528D /* aws-apigateway-ios */,
				1A2937F11E1C795B00AD957E /* AWSSessionManagement */,
			);
			name = AWSAPI;
			sourceTree = "<group>";
		};
		1A94A2D21E2597980012528D /* aws-apigateway-ios */ = {
			isa = PBXGroup;
			children = (
				1A8A76F61E441527006340C7 /* MYPREFIXAuthClient.h */,
				1A8A76F71E441527006340C7 /* MYPREFIXAuthClient.m */,
				1A8A76F81E441527006340C7 /* MYPREFIXCredentials.h */,
				1A8A76F91E441527006340C7 /* MYPREFIXCredentials.m */,
				1A8A76FA1E441527006340C7 /* MYPREFIXError.h */,
				1A8A76FB1E441527006340C7 /* MYPREFIXError.m */,
				1A8A76FC1E441527006340C7 /* MYPREFIXLoginRequest.h */,
				1A8A76FD1E441527006340C7 /* MYPREFIXLoginRequest.m */,
				1A8A76FE1E441527006340C7 /* MYPREFIXSignupRequest.h */,
				1A8A76FF1E441527006340C7 /* MYPREFIXSignupRequest.m */,
				1A8A77001E441527006340C7 /* MYPREFIXTokenRequest.h */,
				1A8A77011E441527006340C7 /* MYPREFIXTokenRequest.m */,
				1A8A77021E441527006340C7 /* MYPREFIXUser.h */,
				1A8A77031E441527006340C7 /* MYPREFIXUser.m */,
				1A8A77041E441527006340C7 /* MYPREFIXUserPhotoUploadurlResponse.h */,
				1A8A77051E441527006340C7 /* MYPREFIXUserPhotoUploadurlResponse.m */,
			);
			name = "aws-apigateway-ios";
			sourceTree = "<group>";
		};
		1AC9B4601E1F33E300962F77 /* Categories */ = {
			isa = PBXGroup;
			children = (
				1AC9B4611E1F345100962F77 /* UIView+ProjectFormBehaviors.h */,
				1AC9B4621E1F345100962F77 /* UIView+ProjectFormBehaviors.m */,
			);
			name = Categories;
			sourceTree = "<group>";
		};
		E0155B4B253C4CD7863B55C8 /* Pods */ = {
			isa = PBXGroup;
			children = (
				AFF7EF6CD6D7201AEE160EDD /* Pods-lambdaAuth.debug.xcconfig */,
				66CCCC6BBF9417ECC7CB8CE2 /* Pods-lambdaAuth.release.xcconfig */,
			);
			name = Pods;
			sourceTree = "<group>";
		};
/* End PBXGroup section */

/* Begin PBXNativeTarget section */
		1A043D971E1AE09F00019A33 /* lambdaAuth */ = {
			isa = PBXNativeTarget;
			buildConfigurationList = 1A043DC51E1AE0A000019A33 /* Build configuration list for PBXNativeTarget "lambdaAuth" */;
			buildPhases = (
				940F6FF453DFEADC038EB623 /* [CP] Check Pods Manifest.lock */,
				1A043D941E1AE09F00019A33 /* Sources */,
				1A043D951E1AE09F00019A33 /* Frameworks */,
				1A043D961E1AE09F00019A33 /* Resources */,
				BD07D882AE96E3ED9BB15C67 /* [CP] Embed Pods Frameworks */,
				58098B75F0EA16EAEF9ABCF3 /* [CP] Copy Pods Resources */,
				1A94A2CC1E25010E0012528D /* CopyFiles */,
			);
			buildRules = (
			);
			dependencies = (
			);
			name = lambdaAuth;
			productName = lambdaAuth;
			productReference = 1A043D981E1AE0A000019A33 /* lambdaAuth.app */;
			productType = "com.apple.product-type.application";
		};
		1A043DB01E1AE0A000019A33 /* lambdaAuthTests */ = {
			isa = PBXNativeTarget;
			buildConfigurationList = 1A043DC81E1AE0A000019A33 /* Build configuration list for PBXNativeTarget "lambdaAuthTests" */;
			buildPhases = (
				1A043DAD1E1AE0A000019A33 /* Sources */,
				1A043DAE1E1AE0A000019A33 /* Frameworks */,
				1A043DAF1E1AE0A000019A33 /* Resources */,
			);
			buildRules = (
			);
			dependencies = (
				1A043DB31E1AE0A000019A33 /* PBXTargetDependency */,
			);
			name = lambdaAuthTests;
			productName = lambdaAuthTests;
			productReference = 1A043DB11E1AE0A000019A33 /* lambdaAuthTests.xctest */;
			productType = "com.apple.product-type.bundle.unit-test";
		};
		1A043DBB1E1AE0A000019A33 /* lambdaAuthUITests */ = {
			isa = PBXNativeTarget;
			buildConfigurationList = 1A043DCB1E1AE0A000019A33 /* Build configuration list for PBXNativeTarget "lambdaAuthUITests" */;
			buildPhases = (
				1A043DB81E1AE0A000019A33 /* Sources */,
				1A043DB91E1AE0A000019A33 /* Frameworks */,
				1A043DBA1E1AE0A000019A33 /* Resources */,
			);
			buildRules = (
			);
			dependencies = (
				1A043DBE1E1AE0A000019A33 /* PBXTargetDependency */,
			);
			name = lambdaAuthUITests;
			productName = lambdaAuthUITests;
			productReference = 1A043DBC1E1AE0A000019A33 /* lambdaAuthUITests.xctest */;
			productType = "com.apple.product-type.bundle.ui-testing";
		};
/* End PBXNativeTarget section */

/* Begin PBXProject section */
		1A043D901E1AE09F00019A33 /* Project object */ = {
			isa = PBXProject;
			attributes = {
				LastUpgradeCheck = 0810;
				ORGANIZATIONNAME = horsenoggin;
				TargetAttributes = {
					1A043D971E1AE09F00019A33 = {
						CreatedOnToolsVersion = 8.1;
						DevelopmentTeam = CG5VZPNQ3N;
						ProvisioningStyle = Automatic;
						SystemCapabilities = {
							com.apple.Keychain = {
								enabled = 1;
							};
						};
					};
					1A043DB01E1AE0A000019A33 = {
						CreatedOnToolsVersion = 8.1;
						ProvisioningStyle = Automatic;
						TestTargetID = 1A043D971E1AE09F00019A33;
					};
					1A043DBB1E1AE0A000019A33 = {
						CreatedOnToolsVersion = 8.1;
						ProvisioningStyle = Automatic;
						TestTargetID = 1A043D971E1AE09F00019A33;
					};
				};
			};
			buildConfigurationList = 1A043D931E1AE09F00019A33 /* Build configuration list for PBXProject "lambdaAuth" */;
			compatibilityVersion = "Xcode 3.2";
			developmentRegion = English;
			hasScannedForEncodings = 0;
			knownRegions = (
				en,
				Base,
			);
			mainGroup = 1A043D8F1E1AE09F00019A33;
			productRefGroup = 1A043D991E1AE0A000019A33 /* Products */;
			projectDirPath = "";
			projectRoot = "";
			targets = (
				1A043D971E1AE09F00019A33 /* lambdaAuth */,
				1A043DB01E1AE0A000019A33 /* lambdaAuthTests */,
				1A043DBB1E1AE0A000019A33 /* lambdaAuthUITests */,
			);
		};
/* End PBXProject section */

/* Begin PBXResourcesBuildPhase section */
		1A043D961E1AE09F00019A33 /* Resources */ = {
			isa = PBXResourcesBuildPhase;
			buildActionMask = 2147483647;
			files = (
				1A043DAB1E1AE0A000019A33 /* LaunchScreen.storyboard in Resources */,
				1A043DA81E1AE0A000019A33 /* Assets.xcassets in Resources */,
				1A043DA61E1AE0A000019A33 /* Main.storyboard in Resources */,
			);
			runOnlyForDeploymentPostprocessing = 0;
		};
		1A043DAF1E1AE0A000019A33 /* Resources */ = {
			isa = PBXResourcesBuildPhase;
			buildActionMask = 2147483647;
			files = (
			);
			runOnlyForDeploymentPostprocessing = 0;
		};
		1A043DBA1E1AE0A000019A33 /* Resources */ = {
			isa = PBXResourcesBuildPhase;
			buildActionMask = 2147483647;
			files = (
			);
			runOnlyForDeploymentPostprocessing = 0;
		};
/* End PBXResourcesBuildPhase section */

/* Begin PBXShellScriptBuildPhase section */
		58098B75F0EA16EAEF9ABCF3 /* [CP] Copy Pods Resources */ = {
			isa = PBXShellScriptBuildPhase;
			buildActionMask = 2147483647;
			files = (
			);
			inputPaths = (
			);
			name = "[CP] Copy Pods Resources";
			outputPaths = (
			);
			runOnlyForDeploymentPostprocessing = 0;
			shellPath = /bin/sh;
			shellScript = "\"${SRCROOT}/Pods/Target Support Files/Pods-lambdaAuth/Pods-lambdaAuth-resources.sh\"\n";
			showEnvVarsInLog = 0;
		};
		940F6FF453DFEADC038EB623 /* [CP] Check Pods Manifest.lock */ = {
			isa = PBXShellScriptBuildPhase;
			buildActionMask = 2147483647;
			files = (
			);
			inputPaths = (
			);
			name = "[CP] Check Pods Manifest.lock";
			outputPaths = (
			);
			runOnlyForDeploymentPostprocessing = 0;
			shellPath = /bin/sh;
			shellScript = "diff \"${PODS_ROOT}/../Podfile.lock\" \"${PODS_ROOT}/Manifest.lock\" > /dev/null\nif [ $? != 0 ] ; then\n    # print error to STDERR\n    echo \"error: The sandbox is not in sync with the Podfile.lock. Run 'pod install' or update your CocoaPods installation.\" >&2\n    exit 1\nfi\n";
			showEnvVarsInLog = 0;
		};
		BD07D882AE96E3ED9BB15C67 /* [CP] Embed Pods Frameworks */ = {
			isa = PBXShellScriptBuildPhase;
			buildActionMask = 2147483647;
			files = (
			);
			inputPaths = (
			);
			name = "[CP] Embed Pods Frameworks";
			outputPaths = (
			);
			runOnlyForDeploymentPostprocessing = 0;
			shellPath = /bin/sh;
			shellScript = "\"${SRCROOT}/Pods/Target Support Files/Pods-lambdaAuth/Pods-lambdaAuth-frameworks.sh\"\n";
			showEnvVarsInLog = 0;
		};
/* End PBXShellScriptBuildPhase section */

/* Begin PBXSourcesBuildPhase section */
		1A043D941E1AE09F00019A33 /* Sources */ = {
			isa = PBXSourcesBuildPhase;
			buildActionMask = 2147483647;
			files = (
				1AC9B4631E1F345100962F77 /* UIView+ProjectFormBehaviors.m in Sources */,
				1A2937F01E1C722800AD957E /* KeyboardStateManager.m in Sources */,
				1A8A770C1E441528006340C7 /* MYPREFIXUser.m in Sources */,
				1A8A77071E441528006340C7 /* MYPREFIXCredentials.m in Sources */,
				1A2937E81E1B2A5300AD957E /* NavigationReplaceSegue.m in Sources */,
				1A2937E41E1B07F900AD957E /* FrontPageViewController.m in Sources */,
				1A8A77061E441528006340C7 /* MYPREFIXAuthClient.m in Sources */,
				1A2937DB1E1B079E00AD957E /* LoginViewController.m in Sources */,
				1A043DA01E1AE0A000019A33 /* AppDelegate.m in Sources */,
				1A062B471E42A334000AE3ED /* KeyboardHeightAutosizingView.m in Sources */,
				1A8A77121E4426D5006340C7 /* UploadManager.m in Sources */,
				1A8A770A1E441528006340C7 /* MYPREFIXSignupRequest.m in Sources */,
				1A2937F71E1CBB0A00AD957E /* AWSAPIClientsManager.m in Sources */,
				1A043D9D1E1AE0A000019A33 /* main.m in Sources */,
				1A8A770B1E441528006340C7 /* MYPREFIXTokenRequest.m in Sources */,
				1A90E1B31E53B9F500549547 /* AuthedViewController.m in Sources */,
				1A2937E11E1B07DA00AD957E /* LogoutViewController.m in Sources */,
				1A2937F41E1C79A400AD957E /* DeveloperAuthenticatedIdentityProvider.m in Sources */,
				1AE9FA971E24DA1E004C1377 /* RootViewController.m in Sources */,
				1A8A77081E441528006340C7 /* MYPREFIXError.m in Sources */,
				1AC9B4661E1F625700962F77 /* FormViewController.m in Sources */,
				1A062B4A1E42A3CC000AE3ED /* NavigationController.m in Sources */,
				1A8A770D1E441528006340C7 /* MYPREFIXUserPhotoUploadurlResponse.m in Sources */,
				1A2937DE1E1B07BA00AD957E /* SignupViewController.m in Sources */,
				1A8A77091E441528006340C7 /* MYPREFIXLoginRequest.m in Sources */,
			);
			runOnlyForDeploymentPostprocessing = 0;
		};
		1A043DAD1E1AE0A000019A33 /* Sources */ = {
			isa = PBXSourcesBuildPhase;
			buildActionMask = 2147483647;
			files = (
				1A043DB61E1AE0A000019A33 /* lambdaAuthTests.m in Sources */,
			);
			runOnlyForDeploymentPostprocessing = 0;
		};
		1A043DB81E1AE0A000019A33 /* Sources */ = {
			isa = PBXSourcesBuildPhase;
			buildActionMask = 2147483647;
			files = (
				1A043DC11E1AE0A000019A33 /* lambdaAuthUITests.m in Sources */,
			);
			runOnlyForDeploymentPostprocessing = 0;
		};
/* End PBXSourcesBuildPhase section */

/* Begin PBXTargetDependency section */
		1A043DB31E1AE0A000019A33 /* PBXTargetDependency */ = {
			isa = PBXTargetDependency;
			target = 1A043D971E1AE09F00019A33 /* lambdaAuth */;
			targetProxy = 1A043DB21E1AE0A000019A33 /* PBXContainerItemProxy */;
		};
		1A043DBE1E1AE0A000019A33 /* PBXTargetDependency */ = {
			isa = PBXTargetDependency;
			target = 1A043D971E1AE09F00019A33 /* lambdaAuth */;
			targetProxy = 1A043DBD1E1AE0A000019A33 /* PBXContainerItemProxy */;
		};
/* End PBXTargetDependency section */

/* Begin PBXVariantGroup section */
		1A043DA41E1AE0A000019A33 /* Main.storyboard */ = {
			isa = PBXVariantGroup;
			children = (
				1A043DA51E1AE0A000019A33 /* Base */,
			);
			name = Main.storyboard;
			sourceTree = "<group>";
		};
		1A043DA91E1AE0A000019A33 /* LaunchScreen.storyboard */ = {
			isa = PBXVariantGroup;
			children = (
				1A043DAA1E1AE0A000019A33 /* Base */,
			);
			name = LaunchScreen.storyboard;
			sourceTree = "<group>";
		};
/* End PBXVariantGroup section */

/* Begin XCBuildConfiguration section */
		1A043DC31E1AE0A000019A33 /* Debug */ = {
			isa = XCBuildConfiguration;
			buildSettings = {
				ALWAYS_SEARCH_USER_PATHS = NO;
				CLANG_ANALYZER_NONNULL = YES;
				CLANG_CXX_LANGUAGE_STANDARD = "gnu++0x";
				CLANG_CXX_LIBRARY = "libc++";
				CLANG_ENABLE_MODULES = YES;
				CLANG_ENABLE_OBJC_ARC = YES;
				CLANG_WARN_BOOL_CONVERSION = YES;
				CLANG_WARN_CONSTANT_CONVERSION = YES;
				CLANG_WARN_DIRECT_OBJC_ISA_USAGE = YES_ERROR;
				CLANG_WARN_DOCUMENTATION_COMMENTS = YES;
				CLANG_WARN_EMPTY_BODY = YES;
				CLANG_WARN_ENUM_CONVERSION = YES;
				CLANG_WARN_INFINITE_RECURSION = YES;
				CLANG_WARN_INT_CONVERSION = YES;
				CLANG_WARN_OBJC_ROOT_CLASS = YES_ERROR;
				CLANG_WARN_SUSPICIOUS_MOVE = YES;
				CLANG_WARN_SUSPICIOUS_MOVES = YES;
				CLANG_WARN_UNREACHABLE_CODE = YES;
				CLANG_WARN__DUPLICATE_METHOD_MATCH = YES;
				"CODE_SIGN_IDENTITY[sdk=iphoneos*]" = "iPhone Developer";
				COPY_PHASE_STRIP = NO;
				DEBUG_INFORMATION_FORMAT = dwarf;
				ENABLE_STRICT_OBJC_MSGSEND = YES;
				ENABLE_TESTABILITY = YES;
				GCC_C_LANGUAGE_STANDARD = gnu99;
				GCC_DYNAMIC_NO_PIC = NO;
				GCC_NO_COMMON_BLOCKS = YES;
				GCC_OPTIMIZATION_LEVEL = 0;
				GCC_PREPROCESSOR_DEFINITIONS = (
					"DEBUG=1",
					"$(inherited)",
				);
				GCC_WARN_64_TO_32_BIT_CONVERSION = YES;
				GCC_WARN_ABOUT_RETURN_TYPE = YES_ERROR;
				GCC_WARN_UNDECLARED_SELECTOR = YES;
				GCC_WARN_UNINITIALIZED_AUTOS = YES_AGGRESSIVE;
				GCC_WARN_UNUSED_FUNCTION = YES;
				GCC_WARN_UNUSED_VARIABLE = YES;
				IPHONEOS_DEPLOYMENT_TARGET = 10.1;
				MTL_ENABLE_DEBUG_INFO = YES;
				ONLY_ACTIVE_ARCH = YES;
				SDKROOT = iphoneos;
				TARGETED_DEVICE_FAMILY = "1,2";
			};
			name = Debug;
		};
		1A043DC41E1AE0A000019A33 /* Release */ = {
			isa = XCBuildConfiguration;
			buildSettings = {
				ALWAYS_SEARCH_USER_PATHS = NO;
				CLANG_ANALYZER_NONNULL = YES;
				CLANG_CXX_LANGUAGE_STANDARD = "gnu++0x";
				CLANG_CXX_LIBRARY = "libc++";
				CLANG_ENABLE_MODULES = YES;
				CLANG_ENABLE_OBJC_ARC = YES;
				CLANG_WARN_BOOL_CONVERSION = YES;
				CLANG_WARN_CONSTANT_CONVERSION = YES;
				CLANG_WARN_DIRECT_OBJC_ISA_USAGE = YES_ERROR;
				CLANG_WARN_DOCUMENTATION_COMMENTS = YES;
				CLANG_WARN_EMPTY_BODY = YES;
				CLANG_WARN_ENUM_CONVERSION = YES;
				CLANG_WARN_INFINITE_RECURSION = YES;
				CLANG_WARN_INT_CONVERSION = YES;
				CLANG_WARN_OBJC_ROOT_CLASS = YES_ERROR;
				CLANG_WARN_SUSPICIOUS_MOVE = YES;
				CLANG_WARN_SUSPICIOUS_MOVES = YES;
				CLANG_WARN_UNREACHABLE_CODE = YES;
				CLANG_WARN__DUPLICATE_METHOD_MATCH = YES;
				"CODE_SIGN_IDENTITY[sdk=iphoneos*]" = "iPhone Developer";
				COPY_PHASE_STRIP = NO;
				DEBUG_INFORMATION_FORMAT = "dwarf-with-dsym";
				ENABLE_NS_ASSERTIONS = NO;
				ENABLE_STRICT_OBJC_MSGSEND = YES;
				GCC_C_LANGUAGE_STANDARD = gnu99;
				GCC_NO_COMMON_BLOCKS = YES;
				GCC_WARN_64_TO_32_BIT_CONVERSION = YES;
				GCC_WARN_ABOUT_RETURN_TYPE = YES_ERROR;
				GCC_WARN_UNDECLARED_SELECTOR = YES;
				GCC_WARN_UNINITIALIZED_AUTOS = YES_AGGRESSIVE;
				GCC_WARN_UNUSED_FUNCTION = YES;
				GCC_WARN_UNUSED_VARIABLE = YES;
				IPHONEOS_DEPLOYMENT_TARGET = 10.1;
				MTL_ENABLE_DEBUG_INFO = NO;
				SDKROOT = iphoneos;
				TARGETED_DEVICE_FAMILY = "1,2";
				VALIDATE_PRODUCT = YES;
			};
			name = Release;
		};
		1A043DC61E1AE0A000019A33 /* Debug */ = {
			isa = XCBuildConfiguration;
			baseConfigurationReference = AFF7EF6CD6D7201AEE160EDD /* Pods-lambdaAuth.debug.xcconfig */;
			buildSettings = {
				ASSETCATALOG_COMPILER_APPICON_NAME = AppIcon;
				CODE_SIGN_ENTITLEMENTS = lambdaAuth/lambdaAuth.entitlements;
				DEVELOPMENT_TEAM = CG5VZPNQ3N;
				INFOPLIST_FILE = lambdaAuth/Info.plist;
				LD_RUNPATH_SEARCH_PATHS = "$(inherited) @executable_path/Frameworks";
				PRODUCT_BUNDLE_IDENTIFIER = com.horsenoggin.lambdaAuth;
				PRODUCT_NAME = "$(TARGET_NAME)";
			};
			name = Debug;
		};
		1A043DC71E1AE0A000019A33 /* Release */ = {
			isa = XCBuildConfiguration;
			baseConfigurationReference = 66CCCC6BBF9417ECC7CB8CE2 /* Pods-lambdaAuth.release.xcconfig */;
			buildSettings = {
				ASSETCATALOG_COMPILER_APPICON_NAME = AppIcon;
				CODE_SIGN_ENTITLEMENTS = lambdaAuth/lambdaAuth.entitlements;
				DEVELOPMENT_TEAM = CG5VZPNQ3N;
				INFOPLIST_FILE = lambdaAuth/Info.plist;
				LD_RUNPATH_SEARCH_PATHS = "$(inherited) @executable_path/Frameworks";
				PRODUCT_BUNDLE_IDENTIFIER = com.horsenoggin.lambdaAuth;
				PRODUCT_NAME = "$(TARGET_NAME)";
			};
			name = Release;
		};
		1A043DC91E1AE0A000019A33 /* Debug */ = {
			isa = XCBuildConfiguration;
			buildSettings = {
				BUNDLE_LOADER = "$(TEST_HOST)";
				INFOPLIST_FILE = lambdaAuthTests/Info.plist;
				LD_RUNPATH_SEARCH_PATHS = "$(inherited) @executable_path/Frameworks @loader_path/Frameworks";
				PRODUCT_BUNDLE_IDENTIFIER = com.horsenoggin.lambdaAuthTests;
				PRODUCT_NAME = "$(TARGET_NAME)";
				TEST_HOST = "$(BUILT_PRODUCTS_DIR)/lambdaAuth.app/lambdaAuth";
			};
			name = Debug;
		};
		1A043DCA1E1AE0A000019A33 /* Release */ = {
			isa = XCBuildConfiguration;
			buildSettings = {
				BUNDLE_LOADER = "$(TEST_HOST)";
				INFOPLIST_FILE = lambdaAuthTests/Info.plist;
				LD_RUNPATH_SEARCH_PATHS = "$(inherited) @executable_path/Frameworks @loader_path/Frameworks";
				PRODUCT_BUNDLE_IDENTIFIER = com.horsenoggin.lambdaAuthTests;
				PRODUCT_NAME = "$(TARGET_NAME)";
				TEST_HOST = "$(BUILT_PRODUCTS_DIR)/lambdaAuth.app/lambdaAuth";
			};
			name = Release;
		};
		1A043DCC1E1AE0A000019A33 /* Debug */ = {
			isa = XCBuildConfiguration;
			buildSettings = {
				INFOPLIST_FILE = lambdaAuthUITests/Info.plist;
				LD_RUNPATH_SEARCH_PATHS = "$(inherited) @executable_path/Frameworks @loader_path/Frameworks";
				PRODUCT_BUNDLE_IDENTIFIER = com.horsenoggin.lambdaAuthUITests;
				PRODUCT_NAME = "$(TARGET_NAME)";
				TEST_TARGET_NAME = lambdaAuth;
			};
			name = Debug;
		};
		1A043DCD1E1AE0A000019A33 /* Release */ = {
			isa = XCBuildConfiguration;
			buildSettings = {
				INFOPLIST_FILE = lambdaAuthUITests/Info.plist;
				LD_RUNPATH_SEARCH_PATHS = "$(inherited) @executable_path/Frameworks @loader_path/Frameworks";
				PRODUCT_BUNDLE_IDENTIFIER = com.horsenoggin.lambdaAuthUITests;
				PRODUCT_NAME = "$(TARGET_NAME)";
				TEST_TARGET_NAME = lambdaAuth;
			};
			name = Release;
		};
/* End XCBuildConfiguration section */

/* Begin XCConfigurationList section */
		1A043D931E1AE09F00019A33 /* Build configuration list for PBXProject "lambdaAuth" */ = {
			isa = XCConfigurationList;
			buildConfigurations = (
				1A043DC31E1AE0A000019A33 /* Debug */,
				1A043DC41E1AE0A000019A33 /* Release */,
			);
			defaultConfigurationIsVisible = 0;
			defaultConfigurationName = Release;
		};
		1A043DC51E1AE0A000019A33 /* Build configuration list for PBXNativeTarget "lambdaAuth" */ = {
			isa = XCConfigurationList;
			buildConfigurations = (
				1A043DC61E1AE0A000019A33 /* Debug */,
				1A043DC71E1AE0A000019A33 /* Release */,
			);
			defaultConfigurationIsVisible = 0;
			defaultConfigurationName = Release;
		};
		1A043DC81E1AE0A000019A33 /* Build configuration list for PBXNativeTarget "lambdaAuthTests" */ = {
			isa = XCConfigurationList;
			buildConfigurations = (
				1A043DC91E1AE0A000019A33 /* Debug */,
				1A043DCA1E1AE0A000019A33 /* Release */,
			);
			defaultConfigurationIsVisible = 0;
			defaultConfigurationName = Release;
		};
		1A043DCB1E1AE0A000019A33 /* Build configuration list for PBXNativeTarget "lambdaAuthUITests" */ = {
			isa = XCConfigurationList;
			buildConfigurations = (
				1A043DCC1E1AE0A000019A33 /* Debug */,
				1A043DCD1E1AE0A000019A33 /* Release */,
			);
			defaultConfigurationIsVisible = 0;
			defaultConfigurationName = Release;
		};
/* End XCConfigurationList section */
	};
	rootObject = 1A043D901E1AE09F00019A33 /* Project object */;
}
